
Microsoft Visual Studio Solution File, Format Version 12.00
# Visual Studio Version 16
VisualStudioVersion = 16.0.29324.140
MinimumVisualStudioVersion = 10.0.40219.1
Project("{FAE04EC0-301F-11D3-BF4B-00C04F79EFBC}") = "AplProject", "AplProject\AplProject.csproj", "{B4503E91-C74B-49D3-809F-99256AC0872D}"
EndProject
Global
	GlobalSection(SolutionConfigurationPlatforms) = preSolution
		Debug|Any CPU = Debug|Any CPU
		Release|Any CPU = Release|Any CPU
	EndGlobalSection
	GlobalSection(ProjectConfigurationPlatforms) = postSolution
		{B4503E91-C74B-49D3-809F-99256AC0872D}.Debug|Any CPU.ActiveCfg = Debug|Any CPU
		{B4503E91-C74B-49D3-809F-99256AC0872D}.Debug|Any CPU.Build.0 = Debug|Any CPU
		{B4503E91-C74B-49D3-809F-99256AC0872D}.Release|Any CPU.ActiveCfg = Release|Any CPU
		{B4503E91-C74B-49D3-809F-99256AC0872D}.Release|Any CPU.Build.0 = Release|Any CPU
	EndGlobalSection
	GlobalSection(SolutionProperties) = preSolution
		HideSolutionNode = FALSE
	EndGlobalSection
	GlobalSection(ExtensibilityGlobals) = postSolution
		SolutionGuid = {156094B9-A9B9-4C9A-9A7C-242E823C466B}
	EndGlobalSection
EndGlobal
