
Microsoft Visual Studio Solution File, Format Version 12.00
# Visual Studio Version 16
VisualStudioVersion = 16.0.29324.140
MinimumVisualStudioVersion = 10.0.40219.1
Project("{FAE04EC0-301F-11D3-BF4B-00C04F79EFBC}") = "Wpf", "Project2\Wpf.csproj", "{325EC621-0EAD-46F5-B808-1A2B539D1F11}"
EndProject
Project("{FAE04EC0-301F-11D3-BF4B-00C04F79EFBC}") = "Logic", "Logic\Logic.csproj", "{AF22B87B-DBF8-4707-B354-1D3A29AF38DE}"
EndProject
Project("{FAE04EC0-301F-11D3-BF4B-00C04F79EFBC}") = "Globals", "Globals\Globals.csproj", "{9C6F19DD-1D19-4310-B6E0-BBE39DA7090D}"
EndProject
Project("{FAE04EC0-301F-11D3-BF4B-00C04F79EFBC}") = "Data", "Data\Data.csproj", "{03F191CC-56B8-47AA-9C66-CE845C3A7E9D}"
EndProject
Project("{9A19103F-16F7-4668-BE54-9A1E7A4F7556}") = "PresentatieConsole", "Console\PresentatieConsole.csproj", "{0FB6F5A2-9D12-4315-AF1C-B69231253F17}"
EndProject
Global
	GlobalSection(SolutionConfigurationPlatforms) = preSolution
		Debug|Any CPU = Debug|Any CPU
		Release|Any CPU = Release|Any CPU
	EndGlobalSection
	GlobalSection(ProjectConfigurationPlatforms) = postSolution
		{325EC621-0EAD-46F5-B808-1A2B539D1F11}.Debug|Any CPU.ActiveCfg = Debug|Any CPU
		{325EC621-0EAD-46F5-B808-1A2B539D1F11}.Debug|Any CPU.Build.0 = Debug|Any CPU
		{325EC621-0EAD-46F5-B808-1A2B539D1F11}.Release|Any CPU.ActiveCfg = Release|Any CPU
		{325EC621-0EAD-46F5-B808-1A2B539D1F11}.Release|Any CPU.Build.0 = Release|Any CPU
		{AF22B87B-DBF8-4707-B354-1D3A29AF38DE}.Debug|Any CPU.ActiveCfg = Debug|Any CPU
		{AF22B87B-DBF8-4707-B354-1D3A29AF38DE}.Debug|Any CPU.Build.0 = Debug|Any CPU
		{AF22B87B-DBF8-4707-B354-1D3A29AF38DE}.Release|Any CPU.ActiveCfg = Release|Any CPU
		{AF22B87B-DBF8-4707-B354-1D3A29AF38DE}.Release|Any CPU.Build.0 = Release|Any CPU
		{9C6F19DD-1D19-4310-B6E0-BBE39DA7090D}.Debug|Any CPU.ActiveCfg = Debug|Any CPU
		{9C6F19DD-1D19-4310-B6E0-BBE39DA7090D}.Debug|Any CPU.Build.0 = Debug|Any CPU
		{9C6F19DD-1D19-4310-B6E0-BBE39DA7090D}.Release|Any CPU.ActiveCfg = Release|Any CPU
		{9C6F19DD-1D19-4310-B6E0-BBE39DA7090D}.Release|Any CPU.Build.0 = Release|Any CPU
		{03F191CC-56B8-47AA-9C66-CE845C3A7E9D}.Debug|Any CPU.ActiveCfg = Debug|Any CPU
		{03F191CC-56B8-47AA-9C66-CE845C3A7E9D}.Debug|Any CPU.Build.0 = Debug|Any CPU
		{03F191CC-56B8-47AA-9C66-CE845C3A7E9D}.Release|Any CPU.ActiveCfg = Release|Any CPU
		{03F191CC-56B8-47AA-9C66-CE845C3A7E9D}.Release|Any CPU.Build.0 = Release|Any CPU
		{0FB6F5A2-9D12-4315-AF1C-B69231253F17}.Debug|Any CPU.ActiveCfg = Debug|Any CPU
		{0FB6F5A2-9D12-4315-AF1C-B69231253F17}.Debug|Any CPU.Build.0 = Debug|Any CPU
		{0FB6F5A2-9D12-4315-AF1C-B69231253F17}.Release|Any CPU.ActiveCfg = Release|Any CPU
		{0FB6F5A2-9D12-4315-AF1C-B69231253F17}.Release|Any CPU.Build.0 = Release|Any CPU
	EndGlobalSection
	GlobalSection(SolutionProperties) = preSolution
		HideSolutionNode = FALSE
	EndGlobalSection
	GlobalSection(ExtensibilityGlobals) = postSolution
		SolutionGuid = {671E3EA5-C1EB-4723-A805-C6598F70A789}
	EndGlobalSection
EndGlobal
